
Microsoft Visual Studio Solution File, Format Version 12.00
# Visual Studio Version 16
VisualStudioVersion = 16.0.32802.440
MinimumVisualStudioVersion = 10.0.40219.1
Project("{FAE04EC0-301F-11D3-BF4B-00C04F79EFBC}") = "RehberProje", "RehberProje\RehberProje.csproj", "{076F33AB-18BC-4EB0-A9D7-4B7C489F0274}"
EndProject
Global
	GlobalSection(SolutionConfigurationPlatforms) = preSolution
		Debug|Any CPU = Debug|Any CPU
		Release|Any CPU = Release|Any CPU
	EndGlobalSection
	GlobalSection(ProjectConfigurationPlatforms) = postSolution
		{076F33AB-18BC-4EB0-A9D7-4B7C489F0274}.Debug|Any CPU.ActiveCfg = Debug|Any CPU
		{076F33AB-18BC-4EB0-A9D7-4B7C489F0274}.Debug|Any CPU.Build.0 = Debug|Any CPU
		{076F33AB-18BC-4EB0-A9D7-4B7C489F0274}.Release|Any CPU.ActiveCfg = Release|Any CPU
		{076F33AB-18BC-4EB0-A9D7-4B7C489F0274}.Release|Any CPU.Build.0 = Release|Any CPU
	EndGlobalSection
	GlobalSection(SolutionProperties) = preSolution
		HideSolutionNode = FALSE
	EndGlobalSection
	GlobalSection(ExtensibilityGlobals) = postSolution
		SolutionGuid = {42E897D8-79C9-40B1-AB28-4B64FBE919E7}
	EndGlobalSection
EndGlobal
